
Microsoft Visual Studio Solution File, Format Version 12.00
# Visual Studio Version 17
VisualStudioVersion = 17.2.32616.157
MinimumVisualStudioVersion = 10.0.40219.1
Project("{9A19103F-16F7-4668-BE54-9A1E7A4F7556}") = "00_Intro", "00_Intro\00_Intro.csproj", "{8C8D3B4C-D812-4F43-A3EC-95894D8C2BCD}"
EndProject
Project("{2150E333-8FDC-42A3-9474-1A3956D46DE8}") = "Winform", "Winform", "{54930FFA-1561-4544-AC92-C518D3DE3866}"
EndProject
Project("{9A19103F-16F7-4668-BE54-9A1E7A4F7556}") = "01_ListBoxes", "01_ListBoxes\01_ListBoxes.csproj", "{85FC887D-4803-4149-B8E8-AB954514EBEA}"
EndProject
Project("{9A19103F-16F7-4668-BE54-9A1E7A4F7556}") = "02_RadioButtons", "02_RadioButtons\02_RadioButtons.csproj", "{05990A82-AFE4-416E-A6AA-4A0F9C0B3A6E}"
EndProject
Project("{9A19103F-16F7-4668-BE54-9A1E7A4F7556}") = "03_Files", "03_Files\03_Files.csproj", "{CC2E2B0C-895E-42EE-BD8B-D32D9A735A60}"
EndProject
Project("{9A19103F-16F7-4668-BE54-9A1E7A4F7556}") = "05_Serialization", "05_Serialization\05_Serialization.csproj", "{84B6A2A2-C662-4B78-8755-62856B9C67D9}"
EndProject
Project("{9A19103F-16F7-4668-BE54-9A1E7A4F7556}") = "06_Calculatrice_Winform", "06_Calculatrice_Winform\06_Calculatrice_Winform.csproj", "{2E2FAAD5-D40B-4786-AB78-33ECE9400149}"
EndProject
Project("{9A19103F-16F7-4668-BE54-9A1E7A4F7556}") = "07_DAO", "07_DAO\07_DAO.csproj", "{7AAAC81A-75AA-462E-856F-79EE4F9076C0}"
EndProject
Project("{9A19103F-16F7-4668-BE54-9A1E7A4F7556}") = "08_MultiWindows", "08_MultiWindows\08_MultiWindows.csproj", "{825DD552-BB32-422C-ACD5-4BC90CF03767}"
EndProject
Project("{2150E333-8FDC-42A3-9474-1A3956D46DE8}") = "WPF", "WPF", "{581CBE04-790D-4B12-95E5-5759625D8189}"
EndProject
Project("{9A19103F-16F7-4668-BE54-9A1E7A4F7556}") = "08_Calculatrice", "08_Calculatrice\08_Calculatrice.csproj", "{A44870FA-63DB-4FB5-A4A2-33C28AFD3C04}"
EndProject
Project("{9A19103F-16F7-4668-BE54-9A1E7A4F7556}") = "09_UserControls", "09_UserControls\09_UserControls.csproj", "{F730E076-142B-4B1A-BC14-31D9D3A20702}"
EndProject
Project("{9A19103F-16F7-4668-BE54-9A1E7A4F7556}") = "10_Dispatcher", "10_Dispatcher\10_Dispatcher.csproj", "{22350EB5-A9DE-4D1B-9CC1-DE1C5E1B0B46}"
EndProject
Project("{9A19103F-16F7-4668-BE54-9A1E7A4F7556}") = "11_Backgroundworker", "11_Backgroundworker\11_Backgroundworker.csproj", "{2F157DF8-73DC-4976-AD73-B0DA2384B96A}"
EndProject
Project("{9A19103F-16F7-4668-BE54-9A1E7A4F7556}") = "12_Async", "12_Async\12_Async.csproj", "{D7AE8DB7-4235-43E0-893D-CA11D114DD8F}"
EndProject
Project("{9A19103F-16F7-4668-BE54-9A1E7A4F7556}") = "13_QCM", "13_QCM\13_QCM.csproj", "{81175417-E321-4156-97E5-690463460606}"
EndProject
Project("{FAE04EC0-301F-11D3-BF4B-00C04F79EFBC}") = "14_Navigation", "14_Navigation\14_Navigation.csproj", "{6576FEA5-CDA8-4841-828E-E499CAEB4FB4}"
EndProject
Project("{FAE04EC0-301F-11D3-BF4B-00C04F79EFBC}") = "16_Launcher", "16_Launcher\16_Launcher.csproj", "{B72E2CBD-1D55-4EBC-B052-BC812F58ED31}"
EndProject
Global
	GlobalSection(SolutionConfigurationPlatforms) = preSolution
		Debug|Any CPU = Debug|Any CPU
		Release|Any CPU = Release|Any CPU
	EndGlobalSection
	GlobalSection(ProjectConfigurationPlatforms) = postSolution
		{8C8D3B4C-D812-4F43-A3EC-95894D8C2BCD}.Debug|Any CPU.ActiveCfg = Debug|Any CPU
		{8C8D3B4C-D812-4F43-A3EC-95894D8C2BCD}.Debug|Any CPU.Build.0 = Debug|Any CPU
		{8C8D3B4C-D812-4F43-A3EC-95894D8C2BCD}.Release|Any CPU.ActiveCfg = Release|Any CPU
		{8C8D3B4C-D812-4F43-A3EC-95894D8C2BCD}.Release|Any CPU.Build.0 = Release|Any CPU
		{85FC887D-4803-4149-B8E8-AB954514EBEA}.Debug|Any CPU.ActiveCfg = Debug|Any CPU
		{85FC887D-4803-4149-B8E8-AB954514EBEA}.Debug|Any CPU.Build.0 = Debug|Any CPU
		{85FC887D-4803-4149-B8E8-AB954514EBEA}.Release|Any CPU.ActiveCfg = Release|Any CPU
		{85FC887D-4803-4149-B8E8-AB954514EBEA}.Release|Any CPU.Build.0 = Release|Any CPU
		{05990A82-AFE4-416E-A6AA-4A0F9C0B3A6E}.Debug|Any CPU.ActiveCfg = Debug|Any CPU
		{05990A82-AFE4-416E-A6AA-4A0F9C0B3A6E}.Debug|Any CPU.Build.0 = Debug|Any CPU
		{05990A82-AFE4-416E-A6AA-4A0F9C0B3A6E}.Release|Any CPU.ActiveCfg = Release|Any CPU
		{05990A82-AFE4-416E-A6AA-4A0F9C0B3A6E}.Release|Any CPU.Build.0 = Release|Any CPU
		{CC2E2B0C-895E-42EE-BD8B-D32D9A735A60}.Debug|Any CPU.ActiveCfg = Debug|Any CPU
		{CC2E2B0C-895E-42EE-BD8B-D32D9A735A60}.Debug|Any CPU.Build.0 = Debug|Any CPU
		{CC2E2B0C-895E-42EE-BD8B-D32D9A735A60}.Release|Any CPU.ActiveCfg = Release|Any CPU
		{CC2E2B0C-895E-42EE-BD8B-D32D9A735A60}.Release|Any CPU.Build.0 = Release|Any CPU
		{84B6A2A2-C662-4B78-8755-62856B9C67D9}.Debug|Any CPU.ActiveCfg = Debug|Any CPU
		{84B6A2A2-C662-4B78-8755-62856B9C67D9}.Debug|Any CPU.Build.0 = Debug|Any CPU
		{84B6A2A2-C662-4B78-8755-62856B9C67D9}.Release|Any CPU.ActiveCfg = Release|Any CPU
		{84B6A2A2-C662-4B78-8755-62856B9C67D9}.Release|Any CPU.Build.0 = Release|Any CPU
		{2E2FAAD5-D40B-4786-AB78-33ECE9400149}.Debug|Any CPU.ActiveCfg = Debug|Any CPU
		{2E2FAAD5-D40B-4786-AB78-33ECE9400149}.Debug|Any CPU.Build.0 = Debug|Any CPU
		{2E2FAAD5-D40B-4786-AB78-33ECE9400149}.Release|Any CPU.ActiveCfg = Release|Any CPU
		{2E2FAAD5-D40B-4786-AB78-33ECE9400149}.Release|Any CPU.Build.0 = Release|Any CPU
		{7AAAC81A-75AA-462E-856F-79EE4F9076C0}.Debug|Any CPU.ActiveCfg = Debug|Any CPU
		{7AAAC81A-75AA-462E-856F-79EE4F9076C0}.Debug|Any CPU.Build.0 = Debug|Any CPU
		{7AAAC81A-75AA-462E-856F-79EE4F9076C0}.Release|Any CPU.ActiveCfg = Release|Any CPU
		{7AAAC81A-75AA-462E-856F-79EE4F9076C0}.Release|Any CPU.Build.0 = Release|Any CPU
		{825DD552-BB32-422C-ACD5-4BC90CF03767}.Debug|Any CPU.ActiveCfg = Debug|Any CPU
		{825DD552-BB32-422C-ACD5-4BC90CF03767}.Debug|Any CPU.Build.0 = Debug|Any CPU
		{825DD552-BB32-422C-ACD5-4BC90CF03767}.Release|Any CPU.ActiveCfg = Release|Any CPU
		{825DD552-BB32-422C-ACD5-4BC90CF03767}.Release|Any CPU.Build.0 = Release|Any CPU
		{A44870FA-63DB-4FB5-A4A2-33C28AFD3C04}.Debug|Any CPU.ActiveCfg = Debug|Any CPU
		{A44870FA-63DB-4FB5-A4A2-33C28AFD3C04}.Debug|Any CPU.Build.0 = Debug|Any CPU
		{A44870FA-63DB-4FB5-A4A2-33C28AFD3C04}.Release|Any CPU.ActiveCfg = Release|Any CPU
		{A44870FA-63DB-4FB5-A4A2-33C28AFD3C04}.Release|Any CPU.Build.0 = Release|Any CPU
		{F730E076-142B-4B1A-BC14-31D9D3A20702}.Debug|Any CPU.ActiveCfg = Debug|Any CPU
		{F730E076-142B-4B1A-BC14-31D9D3A20702}.Debug|Any CPU.Build.0 = Debug|Any CPU
		{F730E076-142B-4B1A-BC14-31D9D3A20702}.Release|Any CPU.ActiveCfg = Release|Any CPU
		{F730E076-142B-4B1A-BC14-31D9D3A20702}.Release|Any CPU.Build.0 = Release|Any CPU
		{22350EB5-A9DE-4D1B-9CC1-DE1C5E1B0B46}.Debug|Any CPU.ActiveCfg = Debug|Any CPU
		{22350EB5-A9DE-4D1B-9CC1-DE1C5E1B0B46}.Debug|Any CPU.Build.0 = Debug|Any CPU
		{22350EB5-A9DE-4D1B-9CC1-DE1C5E1B0B46}.Release|Any CPU.ActiveCfg = Release|Any CPU
		{22350EB5-A9DE-4D1B-9CC1-DE1C5E1B0B46}.Release|Any CPU.Build.0 = Release|Any CPU
		{2F157DF8-73DC-4976-AD73-B0DA2384B96A}.Debug|Any CPU.ActiveCfg = Debug|Any CPU
		{2F157DF8-73DC-4976-AD73-B0DA2384B96A}.Debug|Any CPU.Build.0 = Debug|Any CPU
		{2F157DF8-73DC-4976-AD73-B0DA2384B96A}.Release|Any CPU.ActiveCfg = Release|Any CPU
		{2F157DF8-73DC-4976-AD73-B0DA2384B96A}.Release|Any CPU.Build.0 = Release|Any CPU
		{D7AE8DB7-4235-43E0-893D-CA11D114DD8F}.Debug|Any CPU.ActiveCfg = Debug|Any CPU
		{D7AE8DB7-4235-43E0-893D-CA11D114DD8F}.Debug|Any CPU.Build.0 = Debug|Any CPU
		{D7AE8DB7-4235-43E0-893D-CA11D114DD8F}.Release|Any CPU.ActiveCfg = Release|Any CPU
		{D7AE8DB7-4235-43E0-893D-CA11D114DD8F}.Release|Any CPU.Build.0 = Release|Any CPU
		{81175417-E321-4156-97E5-690463460606}.Debug|Any CPU.ActiveCfg = Debug|Any CPU
		{81175417-E321-4156-97E5-690463460606}.Debug|Any CPU.Build.0 = Debug|Any CPU
		{81175417-E321-4156-97E5-690463460606}.Release|Any CPU.ActiveCfg = Release|Any CPU
		{81175417-E321-4156-97E5-690463460606}.Release|Any CPU.Build.0 = Release|Any CPU
		{6576FEA5-CDA8-4841-828E-E499CAEB4FB4}.Debug|Any CPU.ActiveCfg = Debug|Any CPU
		{6576FEA5-CDA8-4841-828E-E499CAEB4FB4}.Debug|Any CPU.Build.0 = Debug|Any CPU
		{6576FEA5-CDA8-4841-828E-E499CAEB4FB4}.Release|Any CPU.ActiveCfg = Release|Any CPU
		{6576FEA5-CDA8-4841-828E-E499CAEB4FB4}.Release|Any CPU.Build.0 = Release|Any CPU
		{B72E2CBD-1D55-4EBC-B052-BC812F58ED31}.Debug|Any CPU.ActiveCfg = Debug|Any CPU
		{B72E2CBD-1D55-4EBC-B052-BC812F58ED31}.Debug|Any CPU.Build.0 = Debug|Any CPU
		{B72E2CBD-1D55-4EBC-B052-BC812F58ED31}.Release|Any CPU.ActiveCfg = Release|Any CPU
		{B72E2CBD-1D55-4EBC-B052-BC812F58ED31}.Release|Any CPU.Build.0 = Release|Any CPU
	EndGlobalSection
	GlobalSection(SolutionProperties) = preSolution
		HideSolutionNode = FALSE
	EndGlobalSection
	GlobalSection(NestedProjects) = preSolution
		{8C8D3B4C-D812-4F43-A3EC-95894D8C2BCD} = {54930FFA-1561-4544-AC92-C518D3DE3866}
		{85FC887D-4803-4149-B8E8-AB954514EBEA} = {54930FFA-1561-4544-AC92-C518D3DE3866}
		{05990A82-AFE4-416E-A6AA-4A0F9C0B3A6E} = {54930FFA-1561-4544-AC92-C518D3DE3866}
		{CC2E2B0C-895E-42EE-BD8B-D32D9A735A60} = {54930FFA-1561-4544-AC92-C518D3DE3866}
		{84B6A2A2-C662-4B78-8755-62856B9C67D9} = {54930FFA-1561-4544-AC92-C518D3DE3866}
		{2E2FAAD5-D40B-4786-AB78-33ECE9400149} = {54930FFA-1561-4544-AC92-C518D3DE3866}
		{7AAAC81A-75AA-462E-856F-79EE4F9076C0} = {54930FFA-1561-4544-AC92-C518D3DE3866}
		{825DD552-BB32-422C-ACD5-4BC90CF03767} = {54930FFA-1561-4544-AC92-C518D3DE3866}
		{A44870FA-63DB-4FB5-A4A2-33C28AFD3C04} = {581CBE04-790D-4B12-95E5-5759625D8189}
		{F730E076-142B-4B1A-BC14-31D9D3A20702} = {581CBE04-790D-4B12-95E5-5759625D8189}
		{22350EB5-A9DE-4D1B-9CC1-DE1C5E1B0B46} = {581CBE04-790D-4B12-95E5-5759625D8189}
		{2F157DF8-73DC-4976-AD73-B0DA2384B96A} = {581CBE04-790D-4B12-95E5-5759625D8189}
		{D7AE8DB7-4235-43E0-893D-CA11D114DD8F} = {581CBE04-790D-4B12-95E5-5759625D8189}
		{81175417-E321-4156-97E5-690463460606} = {581CBE04-790D-4B12-95E5-5759625D8189}
		{6576FEA5-CDA8-4841-828E-E499CAEB4FB4} = {581CBE04-790D-4B12-95E5-5759625D8189}
		{B72E2CBD-1D55-4EBC-B052-BC812F58ED31} = {581CBE04-790D-4B12-95E5-5759625D8189}
	EndGlobalSection
	GlobalSection(ExtensibilityGlobals) = postSolution
		SolutionGuid = {BAF92616-3708-4976-BF42-6F032C87CCF5}
	EndGlobalSection
EndGlobal
